
Microsoft Visual Studio Solution File, Format Version 12.00
# Visual Studio Version 17
VisualStudioVersion = 17.10.35013.160
MinimumVisualStudioVersion = 10.0.40219.1
Project("{9A19103F-16F7-4668-BE54-9A1E7A4F7556}") = "ARforce", "ARforce.csproj", "{89E0F4AB-D4CD-4B92-B680-406E2994955E}"
EndProject
Global
	GlobalSection(SolutionConfigurationPlatforms) = preSolution
		Debug|Any CPU = Debug|Any CPU
		Release|Any CPU = Release|Any CPU
	EndGlobalSection
	GlobalSection(ProjectConfigurationPlatforms) = postSolution
		{89E0F4AB-D4CD-4B92-B680-406E2994955E}.Debug|Any CPU.ActiveCfg = Debug|Any CPU
		{89E0F4AB-D4CD-4B92-B680-406E2994955E}.Debug|Any CPU.Build.0 = Debug|Any CPU
		{89E0F4AB-D4CD-4B92-B680-406E2994955E}.Release|Any CPU.ActiveCfg = Release|Any CPU
		{89E0F4AB-D4CD-4B92-B680-406E2994955E}.Release|Any CPU.Build.0 = Release|Any CPU
	EndGlobalSection
	GlobalSection(SolutionProperties) = preSolution
		HideSolutionNode = FALSE
	EndGlobalSection
	GlobalSection(ExtensibilityGlobals) = postSolution
		SolutionGuid = {72639035-8853-4080-A021-6B2719B800A6}
	EndGlobalSection
EndGlobal
